
Microsoft Visual Studio Solution File, Format Version 12.00
# Visual Studio Version 16
VisualStudioVersion = 16.0.31729.503
MinimumVisualStudioVersion = 10.0.40219.1
Project("{FAE04EC0-301F-11D3-BF4B-00C04F79EFBC}") = "CurrencyConverter.Blazor", "CurrencyConverter.Blazor\CurrencyConverter.Blazor.csproj", "{6A5FFF71-21D3-4FA0-AD8C-068211FFFB95}"
EndProject
Project("{9A19103F-16F7-4668-BE54-9A1E7A4F7556}") = "CurrencyConverter.Api", "CurrencyConverter.Api\CurrencyConverter.Api.csproj", "{C281211B-CDA3-4C7C-A344-483562BA4917}"
EndProject
Project("{9A19103F-16F7-4668-BE54-9A1E7A4F7556}") = "CurrencyConverter.Domain", "CurrencyConverter.Domain\CurrencyConverter.Domain.csproj", "{AE8A259B-9A17-4EA2-81D7-DE1B8EA4AD48}"
EndProject
Project("{9A19103F-16F7-4668-BE54-9A1E7A4F7556}") = "CurrencyConverter.Logic", "CurrencyConverter.Logic\CurrencyConverter.Logic.csproj", "{62B53A4C-E45D-40EE-A5A8-1B8209AE64C6}"
EndProject
Global
	GlobalSection(SolutionConfigurationPlatforms) = preSolution
		Debug|Any CPU = Debug|Any CPU
		Release|Any CPU = Release|Any CPU
	EndGlobalSection
	GlobalSection(ProjectConfigurationPlatforms) = postSolution
		{6A5FFF71-21D3-4FA0-AD8C-068211FFFB95}.Debug|Any CPU.ActiveCfg = Debug|Any CPU
		{6A5FFF71-21D3-4FA0-AD8C-068211FFFB95}.Debug|Any CPU.Build.0 = Debug|Any CPU
		{6A5FFF71-21D3-4FA0-AD8C-068211FFFB95}.Release|Any CPU.ActiveCfg = Release|Any CPU
		{6A5FFF71-21D3-4FA0-AD8C-068211FFFB95}.Release|Any CPU.Build.0 = Release|Any CPU
		{C281211B-CDA3-4C7C-A344-483562BA4917}.Debug|Any CPU.ActiveCfg = Debug|Any CPU
		{C281211B-CDA3-4C7C-A344-483562BA4917}.Debug|Any CPU.Build.0 = Debug|Any CPU
		{C281211B-CDA3-4C7C-A344-483562BA4917}.Release|Any CPU.ActiveCfg = Release|Any CPU
		{C281211B-CDA3-4C7C-A344-483562BA4917}.Release|Any CPU.Build.0 = Release|Any CPU
		{AE8A259B-9A17-4EA2-81D7-DE1B8EA4AD48}.Debug|Any CPU.ActiveCfg = Debug|Any CPU
		{AE8A259B-9A17-4EA2-81D7-DE1B8EA4AD48}.Debug|Any CPU.Build.0 = Debug|Any CPU
		{AE8A259B-9A17-4EA2-81D7-DE1B8EA4AD48}.Release|Any CPU.ActiveCfg = Release|Any CPU
		{AE8A259B-9A17-4EA2-81D7-DE1B8EA4AD48}.Release|Any CPU.Build.0 = Release|Any CPU
		{62B53A4C-E45D-40EE-A5A8-1B8209AE64C6}.Debug|Any CPU.ActiveCfg = Debug|Any CPU
		{62B53A4C-E45D-40EE-A5A8-1B8209AE64C6}.Debug|Any CPU.Build.0 = Debug|Any CPU
		{62B53A4C-E45D-40EE-A5A8-1B8209AE64C6}.Release|Any CPU.ActiveCfg = Release|Any CPU
		{62B53A4C-E45D-40EE-A5A8-1B8209AE64C6}.Release|Any CPU.Build.0 = Release|Any CPU
	EndGlobalSection
	GlobalSection(SolutionProperties) = preSolution
		HideSolutionNode = FALSE
	EndGlobalSection
	GlobalSection(ExtensibilityGlobals) = postSolution
		SolutionGuid = {73A936BA-2EF2-43BF-8CCD-22040102C31C}
	EndGlobalSection
EndGlobal
